// !$*UTF8*$!
{
	archiveVersion = 1;
	classes = {
	};
	objectVersion = 50;
	objects = {

/* Begin PBXBuildFile section */
		8623F11D228AAD7B00BE6748 /* AppDelegate.swift in Sources */ = {isa = PBXBuildFile; fileRef = 8623F11C228AAD7B00BE6748 /* AppDelegate.swift */; };
		8623F11F228AAD7B00BE6748 /* ViewController.swift in Sources */ = {isa = PBXBuildFile; fileRef = 8623F11E228AAD7B00BE6748 /* ViewController.swift */; };
		8623F122228AAD7B00BE6748 /* Main.storyboard in Resources */ = {isa = PBXBuildFile; fileRef = 8623F120228AAD7B00BE6748 /* Main.storyboard */; };
		8623F124228AAD7D00BE6748 /* Assets.xcassets in Resources */ = {isa = PBXBuildFile; fileRef = 8623F123228AAD7D00BE6748 /* Assets.xcassets */; };
		8623F127228AAD7D00BE6748 /* LaunchScreen.storyboard in Resources */ = {isa = PBXBuildFile; fileRef = 8623F125228AAD7D00BE6748 /* LaunchScreen.storyboard */; };
		8623F132228AAD7D00BE6748 /* Colors_testTests.swift in Sources */ = {isa = PBXBuildFile; fileRef = 8623F131228AAD7D00BE6748 /* Colors_testTests.swift */; };
		8623F13D228AAD7D00BE6748 /* Colors_testUITests.swift in Sources */ = {isa = PBXBuildFile; fileRef = 8623F13C228AAD7D00BE6748 /* Colors_testUITests.swift */; };
/* End PBXBuildFile section */

/* Begin PBXContainerItemProxy section */
		8623F12E228AAD7D00BE6748 /* PBXContainerItemProxy */ = {
			isa = PBXContainerItemProxy;
			containerPortal = 8623F111228AAD7A00BE6748 /* Project object */;
			proxyType = 1;
			remoteGlobalIDString = 8623F118228AAD7B00BE6748;
			remoteInfo = "Colors test";
		};
		8623F139228AAD7D00BE6748 /* PBXContainerItemProxy */ = {
			isa = PBXContainerItemProxy;
			containerPortal = 8623F111228AAD7A00BE6748 /* Project object */;
			proxyType = 1;
			remoteGlobalIDString = 8623F118228AAD7B00BE6748;
			remoteInfo = "Colors test";
		};
/* End PBXContainerItemProxy section */

/* Begin PBXFileReference section */
		8623F119228AAD7B00BE6748 /* Colors test.app */ = {isa = PBXFileReference; explicitFileType = wrapper.application; includeInIndex = 0; path = "Colors test.app"; sourceTree = BUILT_PRODUCTS_DIR; };
		8623F11C228AAD7B00BE6748 /* AppDelegate.swift */ = {isa = PBXFileReference; lastKnownFileType = sourcecode.swift; path = AppDelegate.swift; sourceTree = "<group>"; };
		8623F11E228AAD7B00BE6748 /* ViewController.swift */ = {isa = PBXFileReference; lastKnownFileType = sourcecode.swift; path = ViewController.swift; sourceTree = "<group>"; };
		8623F121228AAD7B00BE6748 /* Base */ = {isa = PBXFileReference; lastKnownFileType = file.storyboard; name = Base; path = Base.lproj/Main.storyboard; sourceTree = "<group>"; };
		8623F123228AAD7D00BE6748 /* Assets.xcassets */ = {isa = PBXFileReference; lastKnownFileType = folder.assetcatalog; path = Assets.xcassets; sourceTree = "<group>"; };
		8623F126228AAD7D00BE6748 /* Base */ = {isa = PBXFileReference; lastKnownFileType = file.storyboard; name = Base; path = Base.lproj/LaunchScreen.storyboard; sourceTree = "<group>"; };
		8623F128228AAD7D00BE6748 /* Info.plist */ = {isa = PBXFileReference; lastKnownFileType = text.plist.xml; path = Info.plist; sourceTree = "<group>"; };
		8623F12D228AAD7D00BE6748 /* Colors testTests.xctest */ = {isa = PBXFileReference; explicitFileType = wrapper.cfbundle; includeInIndex = 0; path = "Colors testTests.xctest"; sourceTree = BUILT_PRODUCTS_DIR; };
		8623F131228AAD7D00BE6748 /* Colors_testTests.swift */ = {isa = PBXFileReference; lastKnownFileType = sourcecode.swift; path = Colors_testTests.swift; sourceTree = "<group>"; };
		8623F133228AAD7D00BE6748 /* Info.plist */ = {isa = PBXFileReference; lastKnownFileType = text.plist.xml; path = Info.plist; sourceTree = "<group>"; };
		8623F138228AAD7D00BE6748 /* Colors testUITests.xctest */ = {isa = PBXFileReference; explicitFileType = wrapper.cfbundle; includeInIndex = 0; path = "Colors testUITests.xctest"; sourceTree = BUILT_PRODUCTS_DIR; };
		8623F13C228AAD7D00BE6748 /* Colors_testUITests.swift */ = {isa = PBXFileReference; lastKnownFileType = sourcecode.swift; path = Colors_testUITests.swift; sourceTree = "<group>"; };
		8623F13E228AAD7D00BE6748 /* Info.plist */ = {isa = PBXFileReference; lastKnownFileType = text.plist.xml; path = Info.plist; sourceTree = "<group>"; };
/* End PBXFileReference section */

/* Begin PBXFrameworksBuildPhase section */
		8623F116228AAD7B00BE6748 /* Frameworks */ = {
			isa = PBXFrameworksBuildPhase;
			buildActionMask = 2147483647;
			files = (
			);
			runOnlyForDeploymentPostprocessing = 0;
		};
		8623F12A228AAD7D00BE6748 /* Frameworks */ = {
			isa = PBXFrameworksBuildPhase;
			buildActionMask = 2147483647;
			files = (
			);
			runOnlyForDeploymentPostprocessing = 0;
		};
		8623F135228AAD7D00BE6748 /* Frameworks */ = {
			isa = PBXFrameworksBuildPhase;
			buildActionMask = 2147483647;
			files = (
			);
			runOnlyForDeploymentPostprocessing = 0;
		};
/* End PBXFrameworksBuildPhase section */

/* Begin PBXGroup section */
		8623F110228AAD7A00BE6748 = {
			isa = PBXGroup;
			children = (
				8623F11B228AAD7B00BE6748 /* Colors test */,
				8623F130228AAD7D00BE6748 /* Colors testTests */,
				8623F13B228AAD7D00BE6748 /* Colors testUITests */,
				8623F11A228AAD7B00BE6748 /* Products */,
			);
			sourceTree = "<group>";
		};
		8623F11A228AAD7B00BE6748 /* Products */ = {
			isa = PBXGroup;
			children = (
				8623F119228AAD7B00BE6748 /* Colors test.app */,
				8623F12D228AAD7D00BE6748 /* Colors testTests.xctest */,
				8623F138228AAD7D00BE6748 /* Colors testUITests.xctest */,
			);
			name = Products;
			sourceTree = "<group>";
		};
		8623F11B228AAD7B00BE6748 /* Colors test */ = {
			isa = PBXGroup;
			children = (
				8623F11C228AAD7B00BE6748 /* AppDelegate.swift */,
				8623F11E228AAD7B00BE6748 /* ViewController.swift */,
				8623F120228AAD7B00BE6748 /* Main.storyboard */,
				8623F123228AAD7D00BE6748 /* Assets.xcassets */,
				8623F125228AAD7D00BE6748 /* LaunchScreen.storyboard */,
				8623F128228AAD7D00BE6748 /* Info.plist */,
			);
			path = "Colors test";
			sourceTree = "<group>";
		};
		8623F130228AAD7D00BE6748 /* Colors testTests */ = {
			isa = PBXGroup;
			children = (
				8623F131228AAD7D00BE6748 /* Colors_testTests.swift */,
				8623F133228AAD7D00BE6748 /* Info.plist */,
			);
			path = "Colors testTests";
			sourceTree = "<group>";
		};
		8623F13B228AAD7D00BE6748 /* Colors testUITests */ = {
			isa = PBXGroup;
			children = (
				8623F13C228AAD7D00BE6748 /* Colors_testUITests.swift */,
				8623F13E228AAD7D00BE6748 /* Info.plist */,
			);
			path = "Colors testUITests";
			sourceTree = "<group>";
		};
/* End PBXGroup section */

/* Begin PBXNativeTarget section */
		8623F118228AAD7B00BE6748 /* Colors test */ = {
			isa = PBXNativeTarget;
			buildConfigurationList = 8623F141228AAD7D00BE6748 /* Build configuration list for PBXNativeTarget "Colors test" */;
			buildPhases = (
				8623F115228AAD7B00BE6748 /* Sources */,
				8623F116228AAD7B00BE6748 /* Frameworks */,
				8623F117228AAD7B00BE6748 /* Resources */,
			);
			buildRules = (
			);
			dependencies = (
			);
			name = "Colors test";
			productName = "Colors test";
			productReference = 8623F119228AAD7B00BE6748 /* Colors test.app */;
			productType = "com.apple.product-type.application";
		};
		8623F12C228AAD7D00BE6748 /* Colors testTests */ = {
			isa = PBXNativeTarget;
			buildConfigurationList = 8623F144228AAD7D00BE6748 /* Build configuration list for PBXNativeTarget "Colors testTests" */;
			buildPhases = (
				8623F129228AAD7D00BE6748 /* Sources */,
				8623F12A228AAD7D00BE6748 /* Frameworks */,
				8623F12B228AAD7D00BE6748 /* Resources */,
			);
			buildRules = (
			);
			dependencies = (
				8623F12F228AAD7D00BE6748 /* PBXTargetDependency */,
			);
			name = "Colors testTests";
			productName = "Colors testTests";
			productReference = 8623F12D228AAD7D00BE6748 /* Colors testTests.xctest */;
			productType = "com.apple.product-type.bundle.unit-test";
		};
		8623F137228AAD7D00BE6748 /* Colors testUITests */ = {
			isa = PBXNativeTarget;
			buildConfigurationList = 8623F147228AAD7D00BE6748 /* Build configuration list for PBXNativeTarget "Colors testUITests" */;
			buildPhases = (
				8623F134228AAD7D00BE6748 /* Sources */,
				8623F135228AAD7D00BE6748 /* Frameworks */,
				8623F136228AAD7D00BE6748 /* Resources */,
			);
			buildRules = (
			);
			dependencies = (
				8623F13A228AAD7D00BE6748 /* PBXTargetDependency */,
			);
			name = "Colors testUITests";
			productName = "Colors testUITests";
			productReference = 8623F138228AAD7D00BE6748 /* Colors testUITests.xctest */;
			productType = "com.apple.product-type.bundle.ui-testing";
		};
/* End PBXNativeTarget section */

/* Begin PBXProject section */
		8623F111228AAD7A00BE6748 /* Project object */ = {
			isa = PBXProject;
			attributes = {
				LastSwiftUpdateCheck = 1020;
				LastUpgradeCheck = 1020;
				ORGANIZATIONNAME = "Dani Rangelov";
				TargetAttributes = {
					8623F118228AAD7B00BE6748 = {
						CreatedOnToolsVersion = 10.2.1;
					};
					8623F12C228AAD7D00BE6748 = {
						CreatedOnToolsVersion = 10.2.1;
						TestTargetID = 8623F118228AAD7B00BE6748;
					};
					8623F137228AAD7D00BE6748 = {
						CreatedOnToolsVersion = 10.2.1;
						TestTargetID = 8623F118228AAD7B00BE6748;
					};
				};
			};
			buildConfigurationList = 8623F114228AAD7B00BE6748 /* Build configuration list for PBXProject "Colors test" */;
			compatibilityVersion = "Xcode 9.3";
			developmentRegion = en;
			hasScannedForEncodings = 0;
			knownRegions = (
				en,
				Base,
			);
			mainGroup = 8623F110228AAD7A00BE6748;
			productRefGroup = 8623F11A228AAD7B00BE6748 /* Products */;
			projectDirPath = "";
			projectRoot = "";
			targets = (
				8623F118228AAD7B00BE6748 /* Colors test */,
				8623F12C228AAD7D00BE6748 /* Colors testTests */,
				8623F137228AAD7D00BE6748 /* Colors testUITests */,
			);
		};
/* End PBXProject section */

/* Begin PBXResourcesBuildPhase section */
		8623F117228AAD7B00BE6748 /* Resources */ = {
			isa = PBXResourcesBuildPhase;
			buildActionMask = 2147483647;
			files = (
				8623F127228AAD7D00BE6748 /* LaunchScreen.storyboard in Resources */,
				8623F124228AAD7D00BE6748 /* Assets.xcassets in Resources */,
				8623F122228AAD7B00BE6748 /* Main.storyboard in Resources */,
			);
			runOnlyForDeploymentPostprocessing = 0;
		};
		8623F12B228AAD7D00BE6748 /* Resources */ = {
			isa = PBXResourcesBuildPhase;
			buildActionMask = 2147483647;
			files = (
			);
			runOnlyForDeploymentPostprocessing = 0;
		};
		8623F136228AAD7D00BE6748 /* Resources */ = {
			isa = PBXResourcesBuildPhase;
			buildActionMask = 2147483647;
			files = (
			);
			runOnlyForDeploymentPostprocessing = 0;
		};
/* End PBXResourcesBuildPhase section */

/* Begin PBXSourcesBuildPhase section */
		8623F115228AAD7B00BE6748 /* Sources */ = {
			isa = PBXSourcesBuildPhase;
			buildActionMask = 2147483647;
			files = (
				8623F11F228AAD7B00BE6748 /* ViewController.swift in Sources */,
				8623F11D228AAD7B00BE6748 /* AppDelegate.swift in Sources */,
			);
			runOnlyForDeploymentPostprocessing = 0;
		};
		8623F129228AAD7D00BE6748 /* Sources */ = {
			isa = PBXSourcesBuildPhase;
			buildActionMask = 2147483647;
			files = (
				8623F132228AAD7D00BE6748 /* Colors_testTests.swift in Sources */,
			);
			runOnlyForDeploymentPostprocessing = 0;
		};
		8623F134228AAD7D00BE6748 /* Sources */ = {
			isa = PBXSourcesBuildPhase;
			buildActionMask = 2147483647;
			files = (
				8623F13D228AAD7D00BE6748 /* Colors_testUITests.swift in Sources */,
			);
			runOnlyForDeploymentPostprocessing = 0;
		};
/* End PBXSourcesBuildPhase section */

/* Begin PBXTargetDependency section */
		8623F12F228AAD7D00BE6748 /* PBXTargetDependency */ = {
			isa = PBXTargetDependency;
			target = 8623F118228AAD7B00BE6748 /* Colors test */;
			targetProxy = 8623F12E228AAD7D00BE6748 /* PBXContainerItemProxy */;
		};
		8623F13A228AAD7D00BE6748 /* PBXTargetDependency */ = {
			isa = PBXTargetDependency;
			target = 8623F118228AAD7B00BE6748 /* Colors test */;
			targetProxy = 8623F139228AAD7D00BE6748 /* PBXContainerItemProxy */;
		};
/* End PBXTargetDependency section */

/* Begin PBXVariantGroup section */
		8623F120228AAD7B00BE6748 /* Main.storyboard */ = {
			isa = PBXVariantGroup;
			children = (
				8623F121228AAD7B00BE6748 /* Base */,
			);
			name = Main.storyboard;
			sourceTree = "<group>";
		};
		8623F125228AAD7D00BE6748 /* LaunchScreen.storyboard */ = {
			isa = PBXVariantGroup;
			children = (
				8623F126228AAD7D00BE6748 /* Base */,
			);
			name = LaunchScreen.storyboard;
			sourceTree = "<group>";
		};
/* End PBXVariantGroup section */

/* Begin XCBuildConfiguration section */
		8623F13F228AAD7D00BE6748 /* Debug */ = {
			isa = XCBuildConfiguration;
			buildSettings = {
				ALWAYS_SEARCH_USER_PATHS = NO;
				CLANG_ANALYZER_NONNULL = YES;
				CLANG_ANALYZER_NUMBER_OBJECT_CONVERSION = YES_AGGRESSIVE;
				CLANG_CXX_LANGUAGE_STANDARD = "gnu++14";
				CLANG_CXX_LIBRARY = "libc++";
				CLANG_ENABLE_MODULES = YES;
				CLANG_ENABLE_OBJC_ARC = YES;
				CLANG_ENABLE_OBJC_WEAK = YES;
				CLANG_WARN_BLOCK_CAPTURE_AUTORELEASING = YES;
				CLANG_WARN_BOOL_CONVERSION = YES;
				CLANG_WARN_COMMA = YES;
				CLANG_WARN_CONSTANT_CONVERSION = YES;
				CLANG_WARN_DEPRECATED_OBJC_IMPLEMENTATIONS = YES;
				CLANG_WARN_DIRECT_OBJC_ISA_USAGE = YES_ERROR;
				CLANG_WARN_DOCUMENTATION_COMMENTS = YES;
				CLANG_WARN_EMPTY_BODY = YES;
				CLANG_WARN_ENUM_CONVERSION = YES;
				CLANG_WARN_INFINITE_RECURSION = YES;
				CLANG_WARN_INT_CONVERSION = YES;
				CLANG_WARN_NON_LITERAL_NULL_CONVERSION = YES;
				CLANG_WARN_OBJC_IMPLICIT_RETAIN_SELF = YES;
				CLANG_WARN_OBJC_LITERAL_CONVERSION = YES;
				CLANG_WARN_OBJC_ROOT_CLASS = YES_ERROR;
				CLANG_WARN_RANGE_LOOP_ANALYSIS = YES;
				CLANG_WARN_STRICT_PROTOTYPES = YES;
				CLANG_WARN_SUSPICIOUS_MOVE = YES;
				CLANG_WARN_UNGUARDED_AVAILABILITY = YES_AGGRESSIVE;
				CLANG_WARN_UNREACHABLE_CODE = YES;
				CLANG_WARN__DUPLICATE_METHOD_MATCH = YES;
				CODE_SIGN_IDENTITY = "iPhone Developer";
				COPY_PHASE_STRIP = NO;
				DEBUG_INFORMATION_FORMAT = dwarf;
				ENABLE_STRICT_OBJC_MSGSEND = YES;
				ENABLE_TESTABILITY = YES;
				GCC_C_LANGUAGE_STANDARD = gnu11;
				GCC_DYNAMIC_NO_PIC = NO;
				GCC_NO_COMMON_BLOCKS = YES;
				GCC_OPTIMIZATION_LEVEL = 0;
				GCC_PREPROCESSOR_DEFINITIONS = (
					"DEBUG=1",
					"$(inherited)",
				);
				GCC_WARN_64_TO_32_BIT_CONVERSION = YES;
				GCC_WARN_ABOUT_RETURN_TYPE = YES_ERROR;
				GCC_WARN_UNDECLARED_SELECTOR = YES;
				GCC_WARN_UNINITIALIZED_AUTOS = YES_AGGRESSIVE;
				GCC_WARN_UNUSED_FUNCTION = YES;
				GCC_WARN_UNUSED_VARIABLE = YES;
				IPHONEOS_DEPLOYMENT_TARGET = 12.2;
				MTL_ENABLE_DEBUG_INFO = INCLUDE_SOURCE;
				MTL_FAST_MATH = YES;
				ONLY_ACTIVE_ARCH = YES;
				SDKROOT = iphoneos;
				SWIFT_ACTIVE_COMPILATION_CONDITIONS = DEBUG;
				SWIFT_OPTIMIZATION_LEVEL = "-Onone";
			};
			name = Debug;
		};
		8623F140228AAD7D00BE6748 /* Release */ = {
			isa = XCBuildConfiguration;
			buildSettings = {
				ALWAYS_SEARCH_USER_PATHS = NO;
				CLANG_ANALYZER_NONNULL = YES;
				CLANG_ANALYZER_NUMBER_OBJECT_CONVERSION = YES_AGGRESSIVE;
				CLANG_CXX_LANGUAGE_STANDARD = "gnu++14";
				CLANG_CXX_LIBRARY = "libc++";
				CLANG_ENABLE_MODULES = YES;
				CLANG_ENABLE_OBJC_ARC = YES;
				CLANG_ENABLE_OBJC_WEAK = YES;
				CLANG_WARN_BLOCK_CAPTURE_AUTORELEASING = YES;
				CLANG_WARN_BOOL_CONVERSION = YES;
				CLANG_WARN_COMMA = YES;
				CLANG_WARN_CONSTANT_CONVERSION = YES;
				CLANG_WARN_DEPRECATED_OBJC_IMPLEMENTATIONS = YES;
				CLANG_WARN_DIRECT_OBJC_ISA_USAGE = YES_ERROR;
				CLANG_WARN_DOCUMENTATION_COMMENTS = YES;
				CLANG_WARN_EMPTY_BODY = YES;
				CLANG_WARN_ENUM_CONVERSION = YES;
				CLANG_WARN_INFINITE_RECURSION = YES;
				CLANG_WARN_INT_CONVERSION = YES;
				CLANG_WARN_NON_LITERAL_NULL_CONVERSION = YES;
				CLANG_WARN_OBJC_IMPLICIT_RETAIN_SELF = YES;
				CLANG_WARN_OBJC_LITERAL_CONVERSION = YES;
				CLANG_WARN_OBJC_ROOT_CLASS = YES_ERROR;
				CLANG_WARN_RANGE_LOOP_ANALYSIS = YES;
				CLANG_WARN_STRICT_PROTOTYPES = YES;
				CLANG_WARN_SUSPICIOUS_MOVE = YES;
				CLANG_WARN_UNGUARDED_AVAILABILITY = YES_AGGRESSIVE;
				CLANG_WARN_UNREACHABLE_CODE = YES;
				CLANG_WARN__DUPLICATE_METHOD_MATCH = YES;
				CODE_SIGN_IDENTITY = "iPhone Developer";
				COPY_PHASE_STRIP = NO;
				DEBUG_INFORMATION_FORMAT = "dwarf-with-dsym";
				ENABLE_NS_ASSERTIONS = NO;
				ENABLE_STRICT_OBJC_MSGSEND = YES;
				GCC_C_LANGUAGE_STANDARD = gnu11;
				GCC_NO_COMMON_BLOCKS = YES;
				GCC_WARN_64_TO_32_BIT_CONVERSION = YES;
				GCC_WARN_ABOUT_RETURN_TYPE = YES_ERROR;
				GCC_WARN_UNDECLARED_SELECTOR = YES;
				GCC_WARN_UNINITIALIZED_AUTOS = YES_AGGRESSIVE;
				GCC_WARN_UNUSED_FUNCTION = YES;
				GCC_WARN_UNUSED_VARIABLE = YES;
				IPHONEOS_DEPLOYMENT_TARGET = 12.2;
				MTL_ENABLE_DEBUG_INFO = NO;
				MTL_FAST_MATH = YES;
				SDKROOT = iphoneos;
				SWIFT_COMPILATION_MODE = wholemodule;
				SWIFT_OPTIMIZATION_LEVEL = "-O";
				VALIDATE_PRODUCT = YES;
			};
			name = Release;
		};
		8623F142228AAD7D00BE6748 /* Debug */ = {
			isa = XCBuildConfiguration;
			buildSettings = {
				ASSETCATALOG_COMPILER_APPICON_NAME = AppIcon;
				CODE_SIGN_STYLE = Automatic;
				DEVELOPMENT_TEAM = DZSH6U2G76;
				INFOPLIST_FILE = "Colors test/Info.plist";
				LD_RUNPATH_SEARCH_PATHS = (
					"$(inherited)",
					"@executable_path/Frameworks",
				);
				PRODUCT_BUNDLE_IDENTIFIER = "dx.Colors-test";
				PRODUCT_NAME = "$(TARGET_NAME)";
				SWIFT_VERSION = 5.0;
				TARGETED_DEVICE_FAMILY = "1,2";
			};
			name = Debug;
		};
		8623F143228AAD7D00BE6748 /* Release */ = {
			isa = XCBuildConfiguration;
			buildSettings = {
				ASSETCATALOG_COMPILER_APPICON_NAME = AppIcon;
				CODE_SIGN_STYLE = Automatic;
				DEVELOPMENT_TEAM = DZSH6U2G76;
				INFOPLIST_FILE = "Colors test/Info.plist";
				LD_RUNPATH_SEARCH_PATHS = (
					"$(inherited)",
					"@executable_path/Frameworks",
				);
				PRODUCT_BUNDLE_IDENTIFIER = "dx.Colors-test";
				PRODUCT_NAME = "$(TARGET_NAME)";
				SWIFT_VERSION = 5.0;
				TARGETED_DEVICE_FAMILY = "1,2";
			};
			name = Release;
		};
		8623F145228AAD7D00BE6748 /* Debug */ = {
			isa = XCBuildConfiguration;
			buildSettings = {
				ALWAYS_EMBED_SWIFT_STANDARD_LIBRARIES = YES;
				BUNDLE_LOADER = "$(TEST_HOST)";
				CODE_SIGN_STYLE = Automatic;
				DEVELOPMENT_TEAM = DZSH6U2G76;
				INFOPLIST_FILE = "Colors testTests/Info.plist";
				LD_RUNPATH_SEARCH_PATHS = (
					"$(inherited)",
					"@executable_path/Frameworks",
					"@loader_path/Frameworks",
				);
				PRODUCT_BUNDLE_IDENTIFIER = "dx.Colors-testTests";
				PRODUCT_NAME = "$(TARGET_NAME)";
				SWIFT_VERSION = 5.0;
				TARGETED_DEVICE_FAMILY = "1,2";
				TEST_HOST = "$(BUILT_PRODUCTS_DIR)/Colors test.app/Colors test";
			};
			name = Debug;
		};
		8623F146228AAD7D00BE6748 /* Release */ = {
			isa = XCBuildConfiguration;
			buildSettings = {
				ALWAYS_EMBED_SWIFT_STANDARD_LIBRARIES = YES;
				BUNDLE_LOADER = "$(TEST_HOST)";
				CODE_SIGN_STYLE = Automatic;
				DEVELOPMENT_TEAM = DZSH6U2G76;
				INFOPLIST_FILE = "Colors testTests/Info.plist";
				LD_RUNPATH_SEARCH_PATHS = (
					"$(inherited)",
					"@executable_path/Frameworks",
					"@loader_path/Frameworks",
				);
				PRODUCT_BUNDLE_IDENTIFIER = "dx.Colors-testTests";
				PRODUCT_NAME = "$(TARGET_NAME)";
				SWIFT_VERSION = 5.0;
				TARGETED_DEVICE_FAMILY = "1,2";
				TEST_HOST = "$(BUILT_PRODUCTS_DIR)/Colors test.app/Colors test";
			};
			name = Release;
		};
		8623F148228AAD7D00BE6748 /* Debug */ = {
			isa = XCBuildConfiguration;
			buildSettings = {
				ALWAYS_EMBED_SWIFT_STANDARD_LIBRARIES = YES;
				CODE_SIGN_STYLE = Automatic;
				DEVELOPMENT_TEAM = DZSH6U2G76;
				INFOPLIST_FILE = "Colors testUITests/Info.plist";
				LD_RUNPATH_SEARCH_PATHS = (
					"$(inherited)",
					"@executable_path/Frameworks",
					"@loader_path/Frameworks",
				);
				PRODUCT_BUNDLE_IDENTIFIER = "dx.Colors-testUITests";
				PRODUCT_NAME = "$(TARGET_NAME)";
				SWIFT_VERSION = 5.0;
				TARGETED_DEVICE_FAMILY = "1,2";
				TEST_TARGET_NAME = "Colors test";
			};
			name = Debug;
		};
		8623F149228AAD7D00BE6748 /* Release */ = {
			isa = XCBuildConfiguration;
			buildSettings = {
				ALWAYS_EMBED_SWIFT_STANDARD_LIBRARIES = YES;
				CODE_SIGN_STYLE = Automatic;
				DEVELOPMENT_TEAM = DZSH6U2G76;
				INFOPLIST_FILE = "Colors testUITests/Info.plist";
				LD_RUNPATH_SEARCH_PATHS = (
					"$(inherited)",
					"@executable_path/Frameworks",
					"@loader_path/Frameworks",
				);
				PRODUCT_BUNDLE_IDENTIFIER = "dx.Colors-testUITests";
				PRODUCT_NAME = "$(TARGET_NAME)";
				SWIFT_VERSION = 5.0;
				TARGETED_DEVICE_FAMILY = "1,2";
				TEST_TARGET_NAME = "Colors test";
			};
			name = Release;
		};
/* End XCBuildConfiguration section */

/* Begin XCConfigurationList section */
		8623F114228AAD7B00BE6748 /* Build configuration list for PBXProject "Colors test" */ = {
			isa = XCConfigurationList;
			buildConfigurations = (
				8623F13F228AAD7D00BE6748 /* Debug */,
				8623F140228AAD7D00BE6748 /* Release */,
			);
			defaultConfigurationIsVisible = 0;
			defaultConfigurationName = Release;
		};
		8623F141228AAD7D00BE6748 /* Build configuration list for PBXNativeTarget "Colors test" */ = {
			isa = XCConfigurationList;
			buildConfigurations = (
				8623F142228AAD7D00BE6748 /* Debug */,
				8623F143228AAD7D00BE6748 /* Release */,
			);
			defaultConfigurationIsVisible = 0;
			defaultConfigurationName = Release;
		};
		8623F144228AAD7D00BE6748 /* Build configuration list for PBXNativeTarget "Colors testTests" */ = {
			isa = XCConfigurationList;
			buildConfigurations = (
				8623F145228AAD7D00BE6748 /* Debug */,
				8623F146228AAD7D00BE6748 /* Release */,
			);
			defaultConfigurationIsVisible = 0;
			defaultConfigurationName = Release;
		};
		8623F147228AAD7D00BE6748 /* Build configuration list for PBXNativeTarget "Colors testUITests" */ = {
			isa = XCConfigurationList;
			buildConfigurations = (
				8623F148228AAD7D00BE6748 /* Debug */,
				8623F149228AAD7D00BE6748 /* Release */,
			);
			defaultConfigurationIsVisible = 0;
			defaultConfigurationName = Release;
		};
/* End XCConfigurationList section */
	};
	rootObject = 8623F111228AAD7A00BE6748 /* Project object */;
}
